<?xml version="1.0" encoding="utf-8"?>
<Project ToolsVersion="4.0" xmlns="http://schemas.microsoft.com/developer/msbuild/2003">
  <ItemGroup>
    <Filter Include="Source Files">
      <UniqueIdentifier>{4FC737F1-C7A5-4376-A066-2A32D752A2FF}</UniqueIdentifier>
      <Extensions>cpp;c;cc;cxx;def;odl;idl;hpj;bat;asm;asmx</Extensions>
    </Filter>
    <Filter Include="Header Files">
      <UniqueIdentifier>{93995380-89BD-4b04-88EB-625FBE52EBFB}</UniqueIdentifier>
      <Extensions>h;hpp;hxx;hm;inl;inc;xsd</Extensions>
    </Filter>
    <Filter Include="Resource Files">
      <UniqueIdentifier>{67DA6AB6-F800-4c08-8B7A-83BB121AAD01}</UniqueIdentifier>
      <Extensions>rc;ico;cur;bmp;dlg;rc2;rct;bin;rgs;gif;jpg;jpeg;jpe;resx;tiff;tif;png;wav;mfcribbon-ms</Extensions>
    </Filter>
    <Filter Include="Header Files\behaviour">
      <UniqueIdentifier>{ef503613-b7f4-4500-85a7-3b65704d9f7d}</UniqueIdentifier>
    </Filter>
    <Filter Include="Header Files\core">
      <UniqueIdentifier>{a21e9a89-443c-4e9f-b3ee-1fcbf67a23a1}</UniqueIdentifier>
    </Filter>
    <Filter Include="Header Files\rendering">
      <UniqueIdentifier>{e5a6a4a9-1668-468c-9d21-60a1bbd4714d}</UniqueIdentifier>
    </Filter>
    <Filter Include="Header Files\physics">
      <UniqueIdentifier>{ac8882ce-139e-40f2-be75-ffa892368260}</UniqueIdentifier>
    </Filter>
    <Filter Include="Source Files\behaviour">
      <UniqueIdentifier>{0caebf40-2a8b-4da0-86f8-76289acb05bd}</UniqueIdentifier>
    </Filter>
    <Filter Include="Source Files\core">
      <UniqueIdentifier>{16f97c02-23b3-44f1-8544-fa432b3394d9}</UniqueIdentifier>
    </Filter>
    <Filter Include="Source Files\physics">
      <UniqueIdentifier>{78d8eeb7-9b3f-4cf5-9fbd-a2fa22a5f971}</UniqueIdentifier>
    </Filter>
    <Filter Include="Source Files\rendering">
      <UniqueIdentifier>{53b4f328-bfff-4b33-b749-f271b2891574}</UniqueIdentifier>
    </Filter>
    <Filter Include="Header Files\editor">
      <UniqueIdentifier>{5fbab0e6-eb76-4d9e-9676-316ce267ae8c}</UniqueIdentifier>
    </Filter>
    <Filter Include="Source Files\editor">
      <UniqueIdentifier>{e23ab65b-64ab-49aa-a257-2052ad9bcf3c}</UniqueIdentifier>
    </Filter>
    <Filter Include="Header Files\tinyXML">
      <UniqueIdentifier>{ff3007db-3eea-4d21-b6b8-0565434af974}</UniqueIdentifier>
    </Filter>
    <Filter Include="Source Files\tinyXML">
      <UniqueIdentifier>{e2dac66a-ee65-4191-a1ca-3af39d42be6f}</UniqueIdentifier>
    </Filter>
    <Filter Include="Resource Files\ShaderFiles">
      <UniqueIdentifier>{6704a22f-0398-4bce-a384-cdd5837fa667}</UniqueIdentifier>
    </Filter>
    <Filter Include="Header Files\custom">
      <UniqueIdentifier>{bd0fb6be-aee2-44b6-a57e-08af6febd6ce}</UniqueIdentifier>
    </Filter>
    <Filter Include="Source Files\custom">
      <UniqueIdentifier>{14768d7d-b2b7-4851-9840-812a395e6495}</UniqueIdentifier>
    </Filter>
    <Filter Include="Source Files\rendering\particles">
      <UniqueIdentifier>{1f18fbb8-5be9-4029-ad12-7ef4489d3ecf}</UniqueIdentifier>
    </Filter>
    <Filter Include="Header Files\rendering\particles">
      <UniqueIdentifier>{9607bd87-760b-4be0-9e00-b0884b8d2f55}</UniqueIdentifier>
    </Filter>
  </ItemGroup>
  <ItemGroup>
    <Text Include="ReadMe.txt" />
  </ItemGroup>
  <ItemGroup>
    <ResourceCompile Include="3DGameEngine.rc">
      <Filter>Resource Files</Filter>
    </ResourceCompile>
  </ItemGroup>
  <ItemGroup>
    <Image Include="3DGameEngine.ico">
      <Filter>Resource Files</Filter>
    </Image>
    <Image Include="small.ico">
      <Filter>Source Files</Filter>
    </Image>
  </ItemGroup>
  <ItemGroup>
    <ClInclude Include="include\behaviour\behaviour.h">
      <Filter>Header Files\behaviour</Filter>
    </ClInclude>
    <ClInclude Include="include\behaviour\behaviourSystem.h">
      <Filter>Header Files\behaviour</Filter>
    </ClInclude>
    <ClInclude Include="include\core\component.h">
      <Filter>Header Files\core</Filter>
    </ClInclude>
    <ClInclude Include="include\core\engine.h">
      <Filter>Header Files\core</Filter>
    </ClInclude>
    <ClInclude Include="include\core\gameObject.h">
      <Filter>Header Files\core</Filter>
    </ClInclude>
    <ClInclude Include="include\core\input.h">
      <Filter>Header Files\core</Filter>
    </ClInclude>
    <ClInclude Include="include\core\objectManager.h">
      <Filter>Header Files\core</Filter>
    </ClInclude>
    <ClInclude Include="include\core\sceneManager.h">
      <Filter>Header Files\core</Filter>
    </ClInclude>
    <ClInclude Include="include\core\transform.h">
      <Filter>Header Files\core</Filter>
    </ClInclude>
    <ClInclude Include="include\core\initTable.h">
      <Filter>Header Files\core</Filter>
    </ClInclude>
    <ClInclude Include="include\core\assets.h">
      <Filter>Header Files\core</Filter>
    </ClInclude>
    <ClInclude Include="include\editor\editor.h">
      <Filter>Header Files\editor</Filter>
    </ClInclude>
    <ClInclude Include="include\editor\editorCamera.h">
      <Filter>Header Files\editor</Filter>
    </ClInclude>
    <ClInclude Include="include\editor\goMenu.h">
      <Filter>Header Files\editor</Filter>
    </ClInclude>
    <ClInclude Include="include\editor\menuBar.h">
      <Filter>Header Files\editor</Filter>
    </ClInclude>
    <ClInclude Include="include\rendering\camera.h">
      <Filter>Header Files\rendering</Filter>
    </ClInclude>
    <ClInclude Include="include\rendering\material.h">
      <Filter>Header Files\rendering</Filter>
    </ClInclude>
    <ClInclude Include="include\rendering\mesh.h">
      <Filter>Header Files\rendering</Filter>
    </ClInclude>
    <ClInclude Include="include\rendering\modelRenderer.h">
      <Filter>Header Files\rendering</Filter>
    </ClInclude>
    <ClInclude Include="include\rendering\primitiveShapes.h">
      <Filter>Header Files\rendering</Filter>
    </ClInclude>
    <ClInclude Include="include\rendering\renderer.h">
      <Filter>Header Files\rendering</Filter>
    </ClInclude>
    <ClInclude Include="include\rendering\renderSystem.h">
      <Filter>Header Files\rendering</Filter>
    </ClInclude>
    <ClInclude Include="include\rendering\robotRenderer.h">
      <Filter>Header Files\rendering</Filter>
    </ClInclude>
    <ClInclude Include="include\rendering\shader.h">
      <Filter>Header Files\rendering</Filter>
    </ClInclude>
    <ClInclude Include="include\rendering\texture2D.h">
      <Filter>Header Files\rendering</Filter>
    </ClInclude>
    <ClInclude Include="include\tinyXML\tinystr.h">
      <Filter>Header Files\tinyXML</Filter>
    </ClInclude>
    <ClInclude Include="include\tinyXML\tinyxml.h">
      <Filter>Header Files\tinyXML</Filter>
    </ClInclude>
    <ClInclude Include="include\physics\physicsBody.h">
      <Filter>Header Files\physics</Filter>
    </ClInclude>
    <ClInclude Include="include\physics\physicsSystem.h">
      <Filter>Header Files\physics</Filter>
    </ClInclude>
    <ClInclude Include="include\rendering\FTInterface.h">
      <Filter>Header Files\rendering</Filter>
    </ClInclude>
    <ClInclude Include="include\core\asset.h">
      <Filter>Header Files\core</Filter>
    </ClInclude>
    <ClInclude Include="include\core\globals.h">
      <Filter>Header Files\core</Filter>
    </ClInclude>
    <ClInclude Include="resource.h">
      <Filter>Header Files</Filter>
    </ClInclude>
    <ClInclude Include="include\physics\octTree.h">
      <Filter>Header Files\physics</Filter>
    </ClInclude>
    <ClInclude Include="include\physics\collider.h">
      <Filter>Header Files\physics</Filter>
    </ClInclude>
    <ClInclude Include="include\physics\collision.h">
      <Filter>Header Files\physics</Filter>
    </ClInclude>
    <ClInclude Include="include\rendering\light.h">
      <Filter>Header Files\rendering</Filter>
    </ClInclude>
    <ClInclude Include="include\rendering\shaders.h">
      <Filter>Header Files\rendering</Filter>
    </ClInclude>
    <ClInclude Include="include\behaviour\custom.h">
      <Filter>Header Files\behaviour</Filter>
    </ClInclude>
    <ClInclude Include="include\rendering\particleGenerators.h">
      <Filter>Header Files\rendering\particles</Filter>
    </ClInclude>
    <ClInclude Include="include\rendering\particleRenderer.h">
      <Filter>Header Files\rendering\particles</Filter>
    </ClInclude>
    <ClInclude Include="include\rendering\particleEmitters.h">
      <Filter>Header Files\rendering\particles</Filter>
    </ClInclude>
    <ClInclude Include="include\rendering\particleUpdaters.h">
      <Filter>Header Files\rendering\particles</Filter>
    </ClInclude>
    <ClInclude Include="include\rendering\particleSystem.h">
      <Filter>Header Files\rendering\particles</Filter>
    </ClInclude>
    <ClInclude Include="include\rendering\particleData.h">
      <Filter>Header Files\rendering\particles</Filter>
    </ClInclude>
    <ClInclude Include="include\physics\terrainCollider.h">
      <Filter>Header Files\physics</Filter>
    </ClInclude>
    <ClInclude Include="include\rendering\animation.h">
      <Filter>Header Files\rendering</Filter>
    </ClInclude>
    <ClInclude Include="include\rendering\animator.h">
      <Filter>Header Files\rendering</Filter>
    </ClInclude>
    <ClInclude Include="include\behaviour\objectMngrInterface.h">
      <Filter>Header Files\behaviour</Filter>
    </ClInclude>
    <ClInclude Include="include\custom\cameraController.h">
      <Filter>Header Files\custom</Filter>
    </ClInclude>
    <ClInclude Include="include\custom\customBehaviours.h">
      <Filter>Header Files\custom</Filter>
    </ClInclude>
    <ClInclude Include="include\custom\playerController.h">
      <Filter>Header Files\custom</Filter>
    </ClInclude>
    <ClInclude Include="include\custom\testEmitter.h">
      <Filter>Header Files\custom</Filter>
    </ClInclude>
    <ClInclude Include="include\custom\fireWork.h">
      <Filter>Header Files\custom</Filter>
    </ClInclude>
    <ClInclude Include="include\custom\enemy.h">
      <Filter>Header Files\custom</Filter>
    </ClInclude>
    <ClInclude Include="include\custom\playerBullet.h">
      <Filter>Header Files\custom</Filter>
    </ClInclude>
    <ClInclude Include="include\custom\sparkEmitter.h">
      <Filter>Header Files\custom</Filter>
    </ClInclude>
    <ClInclude Include="include\custom\levelController.h">
      <Filter>Header Files\custom</Filter>
    </ClInclude>
    <ClInclude Include="include\rendering\GUI.h">
      <Filter>Header Files\rendering</Filter>
    </ClInclude>
    <ClInclude Include="include\custom\titleScreen.h">
      <Filter>Header Files\custom</Filter>
    </ClInclude>
    <ClInclude Include="include\custom\endScreen.h">
      <Filter>Header Files\custom</Filter>
    </ClInclude>
    <ClInclude Include="include\custom\enemyBullet.h">
      <Filter>Header Files\custom</Filter>
    </ClInclude>
  </ItemGroup>
  <ItemGroup>
    <ClCompile Include="src\behaviour\behaviour.cpp">
      <Filter>Source Files\behaviour</Filter>
    </ClCompile>
    <ClCompile Include="src\behaviour\behaviourSystem.cpp">
      <Filter>Source Files\behaviour</Filter>
    </ClCompile>
    <ClCompile Include="src\core\component.cpp">
      <Filter>Source Files\core</Filter>
    </ClCompile>
    <ClCompile Include="src\core\engine.cpp">
      <Filter>Source Files\core</Filter>
    </ClCompile>
    <ClCompile Include="src\core\gameObject.cpp">
      <Filter>Source Files\core</Filter>
    </ClCompile>
    <ClCompile Include="src\core\input.cpp">
      <Filter>Source Files\core</Filter>
    </ClCompile>
    <ClCompile Include="src\core\objectManager.cpp">
      <Filter>Source Files\core</Filter>
    </ClCompile>
    <ClCompile Include="src\core\sceneManager.cpp">
      <Filter>Source Files\core</Filter>
    </ClCompile>
    <ClCompile Include="src\core\transform.cpp">
      <Filter>Source Files\core</Filter>
    </ClCompile>
    <ClCompile Include="src\core\initTable.cpp">
      <Filter>Source Files\core</Filter>
    </ClCompile>
    <ClCompile Include="src\core\assets.cpp">
      <Filter>Source Files\core</Filter>
    </ClCompile>
    <ClCompile Include="src\editor\editor.cpp">
      <Filter>Source Files\editor</Filter>
    </ClCompile>
    <ClCompile Include="src\editor\editorCamera.cpp">
      <Filter>Source Files\editor</Filter>
    </ClCompile>
    <ClCompile Include="src\editor\goMenu.cpp">
      <Filter>Source Files\editor</Filter>
    </ClCompile>
    <ClCompile Include="src\editor\menuBar.cpp">
      <Filter>Source Files\editor</Filter>
    </ClCompile>
    <ClCompile Include="src\rendering\camera.cpp">
      <Filter>Source Files\rendering</Filter>
    </ClCompile>
    <ClCompile Include="src\rendering\material.cpp">
      <Filter>Source Files\rendering</Filter>
    </ClCompile>
    <ClCompile Include="src\rendering\mesh.cpp">
      <Filter>Source Files\rendering</Filter>
    </ClCompile>
    <ClCompile Include="src\rendering\modelRenderer.cpp">
      <Filter>Source Files\rendering</Filter>
    </ClCompile>
    <ClCompile Include="src\rendering\primitiveShapes.cpp">
      <Filter>Source Files\rendering</Filter>
    </ClCompile>
    <ClCompile Include="src\rendering\renderer.cpp">
      <Filter>Source Files\rendering</Filter>
    </ClCompile>
    <ClCompile Include="src\rendering\renderSystem.cpp">
      <Filter>Source Files\rendering</Filter>
    </ClCompile>
    <ClCompile Include="src\rendering\robotRenderer.cpp">
      <Filter>Source Files\rendering</Filter>
    </ClCompile>
    <ClCompile Include="src\rendering\shader.cpp">
      <Filter>Source Files\rendering</Filter>
    </ClCompile>
    <ClCompile Include="src\rendering\texture2D.cpp">
      <Filter>Source Files\rendering</Filter>
    </ClCompile>
    <ClCompile Include="src\tinyXML\tinystr.cpp">
      <Filter>Source Files\tinyXML</Filter>
    </ClCompile>
    <ClCompile Include="src\tinyXML\tinyxml.cpp">
      <Filter>Source Files\tinyXML</Filter>
    </ClCompile>
    <ClCompile Include="src\tinyXML\tinyxmlerror.cpp">
      <Filter>Source Files\tinyXML</Filter>
    </ClCompile>
    <ClCompile Include="src\tinyXML\tinyxmlparser.cpp">
      <Filter>Source Files\tinyXML</Filter>
    </ClCompile>
    <ClCompile Include="main.cpp">
      <Filter>Source Files</Filter>
    </ClCompile>
    <ClCompile Include="src\physics\physicsBody.cpp">
      <Filter>Source Files\physics</Filter>
    </ClCompile>
    <ClCompile Include="src\rendering\FTInterface.cpp">
      <Filter>Source Files\rendering</Filter>
    </ClCompile>
    <ClCompile Include="src\physics\collider.cpp">
      <Filter>Source Files\physics</Filter>
    </ClCompile>
    <ClCompile Include="src\physics\collision.cpp">
      <Filter>Source Files\physics</Filter>
    </ClCompile>
    <ClCompile Include="src\rendering\light.cpp">
      <Filter>Source Files\rendering</Filter>
    </ClCompile>
    <ClCompile Include="src\rendering\shaders.cpp">
      <Filter>Source Files\rendering</Filter>
    </ClCompile>
    <ClCompile Include="src\behaviour\custom.cpp">
      <Filter>Source Files\behaviour</Filter>
    </ClCompile>
    <ClCompile Include="src\rendering\particleGenerators.cpp">
      <Filter>Source Files\rendering\particles</Filter>
    </ClCompile>
    <ClCompile Include="src\rendering\particleRenderer.cpp">
      <Filter>Source Files\rendering\particles</Filter>
    </ClCompile>
    <ClCompile Include="src\rendering\particleUpdaters.cpp">
      <Filter>Source Files\rendering\particles</Filter>
    </ClCompile>
    <ClCompile Include="src\rendering\particleEmitters.cpp">
      <Filter>Source Files\rendering\particles</Filter>
    </ClCompile>
    <ClCompile Include="src\rendering\particleData.cpp">
      <Filter>Source Files\rendering\particles</Filter>
    </ClCompile>
    <ClCompile Include="src\rendering\particleSystem.cpp">
      <Filter>Source Files\rendering\particles</Filter>
    </ClCompile>
    <ClCompile Include="src\physics\physicsSystem.cpp">
      <Filter>Source Files\physics</Filter>
    </ClCompile>
    <ClCompile Include="src\physics\octTree.cpp">
      <Filter>Source Files\physics</Filter>
    </ClCompile>
    <ClCompile Include="src\physics\terrainCollider.cpp">
      <Filter>Source Files\physics</Filter>
    </ClCompile>
    <ClCompile Include="src\rendering\animation.cpp">
      <Filter>Source Files\rendering</Filter>
    </ClCompile>
    <ClCompile Include="src\rendering\animator.cpp">
      <Filter>Source Files\rendering</Filter>
    </ClCompile>
    <ClCompile Include="src\behaviour\objectMngrInterface.cpp">
      <Filter>Source Files\behaviour</Filter>
    </ClCompile>
    <ClCompile Include="src\custom\cameraController.cpp">
      <Filter>Source Files\custom</Filter>
    </ClCompile>
    <ClCompile Include="src\custom\playerController.cpp">
      <Filter>Source Files\custom</Filter>
    </ClCompile>
    <ClCompile Include="src\custom\testEmitter.cpp">
      <Filter>Source Files\custom</Filter>
    </ClCompile>
    <ClCompile Include="src\custom\fireWork.cpp">
      <Filter>Source Files\custom</Filter>
    </ClCompile>
    <ClCompile Include="src\custom\enemy.cpp">
      <Filter>Source Files\custom</Filter>
    </ClCompile>
    <ClCompile Include="src\custom\playerBullet.cpp">
      <Filter>Source Files\custom</Filter>
    </ClCompile>
    <ClCompile Include="src\core\globals.cpp">
      <Filter>Source Files\core</Filter>
    </ClCompile>
    <ClCompile Include="src\custom\sparkEmitter.cpp">
      <Filter>Source Files\custom</Filter>
    </ClCompile>
    <ClCompile Include="src\custom\levelController.cpp">
      <Filter>Source Files\custom</Filter>
    </ClCompile>
    <ClCompile Include="src\rendering\GUI.cpp">
      <Filter>Source Files\rendering</Filter>
    </ClCompile>
    <ClCompile Include="src\custom\titleScreen.cpp">
      <Filter>Source Files\custom</Filter>
    </ClCompile>
    <ClCompile Include="src\custom\endScreen.cpp">
      <Filter>Source Files\custom</Filter>
    </ClCompile>
    <ClCompile Include="src\custom\enemyBullet.cpp">
      <Filter>Source Files\custom</Filter>
    </ClCompile>
  </ItemGroup>
  <ItemGroup>
    <None Include="..\doc\ClassDiagram.cd" />
    <None Include="assets\shaders\basic.frag">
      <Filter>Resource Files\ShaderFiles</Filter>
    </None>
    <None Include="assets\shaders\basic.vert">
      <Filter>Resource Files\ShaderFiles</Filter>
    </None>
    <None Include="assets\shaders\diffuse.frag">
      <Filter>Resource Files\ShaderFiles</Filter>
    </None>
    <None Include="assets\shaders\diffuse.vert">
      <Filter>Resource Files\ShaderFiles</Filter>
    </None>
    <None Include="assets\shaders\specular.frag">
      <Filter>Resource Files\ShaderFiles</Filter>
    </None>
    <None Include="assets\shaders\specular.vert">
      <Filter>Resource Files\ShaderFiles</Filter>
    </None>
    <None Include="assets\shaders\advanced.frag">
      <Filter>Resource Files\ShaderFiles</Filter>
    </None>
    <None Include="assets\shaders\advanced.vert">
      <Filter>Resource Files\ShaderFiles</Filter>
    </None>
    <None Include="assets\shaders\particle.frag">
      <Filter>Resource Files\ShaderFiles</Filter>
    </None>
    <None Include="assets\shaders\particle.vert">
      <Filter>Resource Files\ShaderFiles</Filter>
    </None>
    <None Include="assets\shaders\cubemap.frag">
      <Filter>Resource Files\ShaderFiles</Filter>
    </None>
    <None Include="assets\shaders\cubemap.vert">
      <Filter>Resource Files\ShaderFiles</Filter>
    </None>
  </ItemGroup>
  <ItemGroup>
    <Xml Include="assets\scenes\demo.XML">
      <Filter>Resource Files</Filter>
    </Xml>
    <Xml Include="assets\scenes\level.XML">
      <Filter>Resource Files</Filter>
    </Xml>
  </ItemGroup>
</Project>